<?xml version="1.0" encoding="utf-8"?>
<Project ToolsVersion="4.0" xmlns="http://schemas.microsoft.com/developer/msbuild/2003">
  <ItemGroup>
    <Filter Include="소스 파일">
      <UniqueIdentifier>{4FC737F1-C7A5-4376-A066-2A32D752A2FF}</UniqueIdentifier>
      <Extensions>cpp;c;cc;cxx;def;odl;idl;hpj;bat;asm;asmx</Extensions>
    </Filter>
    <Filter Include="헤더 파일">
      <UniqueIdentifier>{93995380-89BD-4b04-88EB-625FBE52EBFB}</UniqueIdentifier>
      <Extensions>h;hh;hpp;hxx;hm;inl;inc;xsd</Extensions>
    </Filter>
    <Filter Include="리소스 파일">
      <UniqueIdentifier>{67DA6AB6-F800-4c08-8B7A-83BB121AAD01}</UniqueIdentifier>
      <Extensions>rc;ico;cur;bmp;dlg;rc2;rct;bin;rgs;gif;jpg;jpeg;jpe;resx;tiff;tif;png;wav;mfcribbon-ms</Extensions>
    </Filter>
    <Filter Include="FrameWork">
      <UniqueIdentifier>{37f8321c-37bf-4527-9622-d031fcd41ed2}</UniqueIdentifier>
    </Filter>
    <Filter Include="FrameWork\Graphics">
      <UniqueIdentifier>{b7fa384b-c0ad-409f-b7c1-7ab1c65925f2}</UniqueIdentifier>
    </Filter>
    <Filter Include="FrameWork\Image">
      <UniqueIdentifier>{00d6891c-d88a-421d-a8a8-7615ca845c0c}</UniqueIdentifier>
    </Filter>
    <Filter Include="FrameWork\Manager">
      <UniqueIdentifier>{439669df-2a3c-4dd9-a9a0-41c3c0e1bd2c}</UniqueIdentifier>
    </Filter>
    <Filter Include="FrameWork\Text">
      <UniqueIdentifier>{f1ca6d51-236a-40d1-8775-a868d806996e}</UniqueIdentifier>
    </Filter>
    <Filter Include="FrameWork\Input">
      <UniqueIdentifier>{33d39982-c589-4b6c-bda6-0a454f5f89ce}</UniqueIdentifier>
    </Filter>
    <Filter Include="FrameWork\Interface">
      <UniqueIdentifier>{183d62e0-37fe-4dd6-a77b-3526b4567e80}</UniqueIdentifier>
    </Filter>
    <Filter Include="FrameWork\Console">
      <UniqueIdentifier>{9b8a1a5b-1027-459d-9c3e-96dfc3d1df59}</UniqueIdentifier>
    </Filter>
    <Filter Include="FrameWork\Game">
      <UniqueIdentifier>{33fe3e36-98aa-47ff-8e92-57a535c2e116}</UniqueIdentifier>
    </Filter>
    <Filter Include="FrameWork\Manager\FileManager">
      <UniqueIdentifier>{e20211ae-6c58-49ad-8285-3a0da590949a}</UniqueIdentifier>
    </Filter>
    <Filter Include="FrameWork\Manager\TextureManager">
      <UniqueIdentifier>{9a0b3edf-dc62-4c87-8776-6ff8796a42ba}</UniqueIdentifier>
    </Filter>
    <Filter Include="FrameWork\Manager\ImageManager">
      <UniqueIdentifier>{8e0f4343-d7c6-4926-aa88-5cd04dc8ad34}</UniqueIdentifier>
    </Filter>
    <Filter Include="FrameWork\Manager\SceneManager">
      <UniqueIdentifier>{f408ec4d-29e9-4541-bd9b-1fb6d8549e29}</UniqueIdentifier>
    </Filter>
    <Filter Include="FrameWork\Manager\TimeManager">
      <UniqueIdentifier>{b06a168e-e4ce-474f-9b09-dc1b818eaf39}</UniqueIdentifier>
    </Filter>
    <Filter Include="FrameWork\Manager\SingletonBase">
      <UniqueIdentifier>{a1911599-eda0-4477-9858-0441765ed3fa}</UniqueIdentifier>
    </Filter>
    <Filter Include="FrameWork\Util">
      <UniqueIdentifier>{0d397eef-e1cb-46d3-a038-4065af4134d5}</UniqueIdentifier>
    </Filter>
    <Filter Include="FrameWork\Manager\LayerManager">
      <UniqueIdentifier>{e662bcd3-2898-411d-80f4-09a54afec558}</UniqueIdentifier>
    </Filter>
    <Filter Include="FrameWork\Interface\dashboard">
      <UniqueIdentifier>{6d8921df-de99-4625-bdb1-08271bb9c024}</UniqueIdentifier>
    </Filter>
    <Filter Include="FrameWork\Interface\dialog">
      <UniqueIdentifier>{226e25da-86f5-4f97-b8e8-aec7aaf3ec22}</UniqueIdentifier>
    </Filter>
    <Filter Include="SystemCode">
      <UniqueIdentifier>{252c03dd-89a0-41d9-9b3f-c29ab6f0ab82}</UniqueIdentifier>
    </Filter>
    <Filter Include="SystemCode\MetaDataBuilder">
      <UniqueIdentifier>{1c2c90d9-cba3-4904-8487-25897a97937f}</UniqueIdentifier>
    </Filter>
    <Filter Include="SystemCode\Engine">
      <UniqueIdentifier>{3c7b53f9-9017-4e5c-87d4-faed358b8c3d}</UniqueIdentifier>
    </Filter>
    <Filter Include="GameCode">
      <UniqueIdentifier>{6444a901-5544-41df-9bcd-7c580f6a7142}</UniqueIdentifier>
    </Filter>
    <Filter Include="GameCode\Scenes">
      <UniqueIdentifier>{2848d547-afc4-425d-af22-ed1d80fd10bb}</UniqueIdentifier>
    </Filter>
    <Filter Include="SystemCode\Engine\SystemInput">
      <UniqueIdentifier>{11fbc4cd-bcef-4905-a3d0-a4cb1b42a281}</UniqueIdentifier>
    </Filter>
    <Filter Include="SystemCode\Engine\SystemWindow">
      <UniqueIdentifier>{4cc60bdf-6d11-4a0f-a8d4-af7d8b6d913d}</UniqueIdentifier>
    </Filter>
    <Filter Include="SystemCode\Engine\SystemWindow\SystemInterface">
      <UniqueIdentifier>{dd6a1993-3143-42ce-85ed-9825becc2d50}</UniqueIdentifier>
    </Filter>
    <Filter Include="SystemCode\Engine\SystemWindow\SystemInterface\SystemMenu">
      <UniqueIdentifier>{e0d39552-a10e-468e-83d4-48dbbfdbabd8}</UniqueIdentifier>
    </Filter>
    <Filter Include="SystemCode\Engine\SystemWindow\SystemInterface\SystemButton">
      <UniqueIdentifier>{4272520e-6156-4598-8fec-097337017de5}</UniqueIdentifier>
    </Filter>
    <Filter Include="FrameWork\GameInterface">
      <UniqueIdentifier>{f035c972-8768-436a-ba17-a7fde5113dc1}</UniqueIdentifier>
    </Filter>
    <Filter Include="FrameWork\GameInterface\UIFrame">
      <UniqueIdentifier>{ee4a90a6-5e8e-4cc8-bd72-bb69581756f6}</UniqueIdentifier>
    </Filter>
    <Filter Include="FrameWork\GameInterface\UIButton">
      <UniqueIdentifier>{d14c95c5-5935-4b7d-b2ce-08d7aaa4c401}</UniqueIdentifier>
    </Filter>
    <Filter Include="FrameWork\GameInterface\UIProgressbar">
      <UniqueIdentifier>{392215d6-a568-44c5-84f1-600df560a65d}</UniqueIdentifier>
    </Filter>
    <Filter Include="FrameWork\GameInterface\UIParent">
      <UniqueIdentifier>{c495fcba-b926-460e-b57d-0bb3123ff5a7}</UniqueIdentifier>
    </Filter>
    <Filter Include="FrameWork\GameInterface\UITab">
      <UniqueIdentifier>{10252e4d-1356-4282-9d85-e5958790615b}</UniqueIdentifier>
    </Filter>
    <Filter Include="FrameWork\Layer">
      <UniqueIdentifier>{29af0029-5606-47ac-a4cb-9bd4779276c1}</UniqueIdentifier>
    </Filter>
    <Filter Include="SystemCode\Engine\SystemWindow\SystemInterface\SystemWindow">
      <UniqueIdentifier>{fc99840a-b0c5-48e2-9753-8f2229eaae89}</UniqueIdentifier>
    </Filter>
    <Filter Include="SystemCode\Engine\SystemGameObject">
      <UniqueIdentifier>{7b186fda-185d-46f1-89aa-30063edca86e}</UniqueIdentifier>
    </Filter>
    <Filter Include="SystemCode\Engine\SystemGameObject\EngineManager">
      <UniqueIdentifier>{b413a00d-019c-4871-97c3-854ecca506f0}</UniqueIdentifier>
    </Filter>
    <Filter Include="SystemCode\Engine\SystemGameObject\EngineManager\MessageManager">
      <UniqueIdentifier>{91171cf9-7bf1-4460-81aa-e341f8d2e3e8}</UniqueIdentifier>
    </Filter>
    <Filter Include="SystemCode\Engine\SystemGameObject\EngineManager\GameObjectManager">
      <UniqueIdentifier>{d4c92d29-7f54-4aba-82ee-acb252fd0988}</UniqueIdentifier>
    </Filter>
    <Filter Include="SystemCode\Engine\SystemGameObject\EngineComponent">
      <UniqueIdentifier>{9a461142-a77c-4a3b-b3fa-a97d54c30216}</UniqueIdentifier>
    </Filter>
    <Filter Include="SystemCode\Engine\SystemGameObject\EngineComponent\RenderComponent">
      <UniqueIdentifier>{4d46fd8e-cdab-4e63-bf15-8b3ad53ff1e3}</UniqueIdentifier>
    </Filter>
    <Filter Include="SystemCode\Engine\SystemGameObject\EngineComponent\ComponentBase">
      <UniqueIdentifier>{ba3c503b-beb6-499b-932c-7caef8819193}</UniqueIdentifier>
    </Filter>
    <Filter Include="SystemCode\Engine\SystemGameObject\EngineComponent\InputComponent">
      <UniqueIdentifier>{8fcd132c-45e4-483e-9339-582f78107aec}</UniqueIdentifier>
    </Filter>
    <Filter Include="SystemCode\Engine\SystemInterface">
      <UniqueIdentifier>{193e26f6-1a17-4671-bf33-78a1390c5a7e}</UniqueIdentifier>
    </Filter>
    <Filter Include="SystemCode\Engine\SystemInterface\ResourceView">
      <UniqueIdentifier>{1b12bc3f-48fc-48c7-80e1-4f9ed8db46db}</UniqueIdentifier>
    </Filter>
    <Filter Include="SystemCode\Engine\SystemInterface\InspectorView">
      <UniqueIdentifier>{067688e2-7fa7-495a-a544-afb719aff11d}</UniqueIdentifier>
    </Filter>
    <Filter Include="SystemCode\Engine\SystemInterface\SceneView">
      <UniqueIdentifier>{4b54907d-93bb-464c-bfa2-926bc14abd58}</UniqueIdentifier>
    </Filter>
    <Filter Include="GameCode\Maptool">
      <UniqueIdentifier>{12e709a9-ba2c-4746-aa31-9c5d3335e505}</UniqueIdentifier>
    </Filter>
    <Filter Include="GameCode\Maptool\Control">
      <UniqueIdentifier>{adff7443-0cfc-4a91-af07-207493fb3268}</UniqueIdentifier>
    </Filter>
    <Filter Include="GameCode\Maptool\Map">
      <UniqueIdentifier>{d99d8089-27cc-4951-a7de-daab097759da}</UniqueIdentifier>
    </Filter>
    <Filter Include="GameCode\Maptool\Camera">
      <UniqueIdentifier>{487b585e-11f8-4464-844a-0e1103d73431}</UniqueIdentifier>
    </Filter>
    <Filter Include="SystemCode\MainNode">
      <UniqueIdentifier>{25b474a3-c50d-416c-bcc2-7f73c656e43c}</UniqueIdentifier>
    </Filter>
    <Filter Include="GameCode\Scenes\TestScene">
      <UniqueIdentifier>{d5f2dc1e-5668-4821-b6ba-4b6df6d95768}</UniqueIdentifier>
    </Filter>
    <Filter Include="GameCode\Scenes\GameScene">
      <UniqueIdentifier>{bd63640c-8e5a-404c-8f53-22e41dca5d58}</UniqueIdentifier>
    </Filter>
    <Filter Include="GameCode\Scenes\MapToolScene">
      <UniqueIdentifier>{ddd146b9-9825-4d55-bfb1-d00b028c286a}</UniqueIdentifier>
    </Filter>
    <Filter Include="SystemCode\Engine\SystemWindow\SystemInterface\SystemTable">
      <UniqueIdentifier>{b96d34c0-1e4f-4061-97de-a815299b03f0}</UniqueIdentifier>
    </Filter>
    <Filter Include="SystemCode\Engine\SystemWindow\SystemInterface\SystemStatic">
      <UniqueIdentifier>{86eeec76-d94a-40b8-833e-1ba1288a4b1d}</UniqueIdentifier>
    </Filter>
    <Filter Include="SystemCode\Engine\SystemWindow\SystemInterface\SystemEditControl">
      <UniqueIdentifier>{e4e64427-2a9f-4ec2-9ce2-8d4f702a042c}</UniqueIdentifier>
    </Filter>
    <Filter Include="SystemCode\Engine\SystemCore">
      <UniqueIdentifier>{458118e2-ac2b-4b02-aff0-1e55fd4655e5}</UniqueIdentifier>
    </Filter>
    <Filter Include="SystemCode\Engine\SystemImage">
      <UniqueIdentifier>{11e0bfac-14ae-49ac-b5cb-e08a13fdfd7e}</UniqueIdentifier>
    </Filter>
    <Filter Include="SystemCode\Engine\SystemBoot">
      <UniqueIdentifier>{e34d6f7a-ea94-4802-b302-f352bff62a20}</UniqueIdentifier>
    </Filter>
    <Filter Include="SystemCode\Engine\SystemDebug">
      <UniqueIdentifier>{f21684a3-d322-4a56-9fc1-bcd6353ec571}</UniqueIdentifier>
    </Filter>
    <Filter Include="GameCode\Maptool\Viewer">
      <UniqueIdentifier>{cabb43e7-0dfe-4179-bc70-26a25513fd4c}</UniqueIdentifier>
    </Filter>
    <Filter Include="GameCode\Maptool\Viewer\TileViewer">
      <UniqueIdentifier>{b58c2ec8-7c01-4c73-86cf-4d9925a08816}</UniqueIdentifier>
    </Filter>
    <Filter Include="GameCode\Maptool\Viewer\ResourceTreeViewer">
      <UniqueIdentifier>{29332b23-7d30-4266-8fd3-48ba638934d6}</UniqueIdentifier>
    </Filter>
  </ItemGroup>
  <ItemGroup>
    <ClCompile Include="graphics.cpp">
      <Filter>FrameWork\Graphics</Filter>
    </ClCompile>
    <ClCompile Include="image.cpp">
      <Filter>FrameWork\Image</Filter>
    </ClCompile>
    <ClCompile Include="textDX.cpp">
      <Filter>FrameWork\Text</Filter>
    </ClCompile>
    <ClCompile Include="input.cpp">
      <Filter>FrameWork\Input</Filter>
    </ClCompile>
    <ClCompile Include="console.cpp">
      <Filter>FrameWork\Console</Filter>
    </ClCompile>
    <ClCompile Include="game.cpp">
      <Filter>FrameWork\Game</Filter>
    </ClCompile>
    <ClCompile Include="entity.cpp">
      <Filter>FrameWork\Game</Filter>
    </ClCompile>
    <ClCompile Include="stdafx.cpp">
      <Filter>소스 파일</Filter>
    </ClCompile>
    <ClCompile Include="cSingletonBase.cpp">
      <Filter>FrameWork\Manager\SingletonBase</Filter>
    </ClCompile>
    <ClCompile Include="myUtil.cpp">
      <Filter>FrameWork\Util</Filter>
    </ClCompile>
    <ClCompile Include="textureManager.cpp">
      <Filter>FrameWork\Manager\TextureManager</Filter>
    </ClCompile>
    <ClCompile Include="fileManager.cpp">
      <Filter>FrameWork\Manager\FileManager</Filter>
    </ClCompile>
    <ClCompile Include="sceneManager.cpp">
      <Filter>FrameWork\Manager\SceneManager</Filter>
    </ClCompile>
    <ClCompile Include="timeManager.cpp">
      <Filter>FrameWork\Manager\TimeManager</Filter>
    </ClCompile>
    <ClCompile Include="imageManager.cpp">
      <Filter>FrameWork\Manager\ImageManager</Filter>
    </ClCompile>
    <ClCompile Include="metaBuilderUI.cpp">
      <Filter>SystemCode\MetaDataBuilder</Filter>
    </ClCompile>
    <ClCompile Include="metaBuilderMain.cpp">
      <Filter>SystemCode\MetaDataBuilder</Filter>
    </ClCompile>
    <ClCompile Include="mainNode.cpp">
      <Filter>SystemCode\MainNode</Filter>
    </ClCompile>
    <ClCompile Include="layerManager.cpp">
      <Filter>FrameWork\Manager\LayerManager</Filter>
    </ClCompile>
    <ClCompile Include="winmain.cpp">
      <Filter>소스 파일</Filter>
    </ClCompile>
    <ClCompile Include="dashboard.cpp">
      <Filter>FrameWork\Interface\dashboard</Filter>
    </ClCompile>
    <ClCompile Include="inputDialog.cpp">
      <Filter>FrameWork\Interface\dialog</Filter>
    </ClCompile>
    <ClCompile Include="messageDialog.cpp">
      <Filter>FrameWork\Interface\dialog</Filter>
    </ClCompile>
    <ClCompile Include="layer.cpp">
      <Filter>FrameWork\Layer</Filter>
    </ClCompile>
    <ClCompile Include="uiFrame.cpp">
      <Filter>FrameWork\GameInterface\UIFrame</Filter>
    </ClCompile>
    <ClCompile Include="uiButton.cpp">
      <Filter>FrameWork\GameInterface\UIButton</Filter>
    </ClCompile>
    <ClCompile Include="uiProgressBar.cpp">
      <Filter>FrameWork\GameInterface\UIProgressbar</Filter>
    </ClCompile>
    <ClCompile Include="uiParent.cpp">
      <Filter>FrameWork\GameInterface\UIParent</Filter>
    </ClCompile>
    <ClCompile Include="uiTab.cpp">
      <Filter>FrameWork\GameInterface\UITab</Filter>
    </ClCompile>
    <ClCompile Include="tabContent_A.cpp">
      <Filter>GameCode\Scenes\TestScene</Filter>
    </ClCompile>
    <ClCompile Include="scene_Test.cpp">
      <Filter>GameCode\Scenes\TestScene</Filter>
    </ClCompile>
    <ClCompile Include="engineSystem.cpp">
      <Filter>SystemCode\Engine\SystemCore</Filter>
    </ClCompile>
    <ClCompile Include="engineInput.cpp">
      <Filter>SystemCode\Engine\SystemInput</Filter>
    </ClCompile>
    <ClCompile Include="engineMenebar.cpp">
      <Filter>SystemCode\Engine\SystemWindow\SystemInterface\SystemMenu</Filter>
    </ClCompile>
    <ClCompile Include="engineButton.cpp">
      <Filter>SystemCode\Engine\SystemWindow\SystemInterface\SystemButton</Filter>
    </ClCompile>
    <ClCompile Include="componentBase.cpp">
      <Filter>SystemCode\Engine\SystemGameObject\EngineComponent\ComponentBase</Filter>
    </ClCompile>
    <ClCompile Include="renderComponent.cpp">
      <Filter>SystemCode\Engine\SystemGameObject\EngineComponent\RenderComponent</Filter>
    </ClCompile>
    <ClCompile Include="gocMessage.cpp">
      <Filter>SystemCode\Engine\SystemGameObject\EngineManager\MessageManager</Filter>
    </ClCompile>
    <ClCompile Include="gameObject.cpp">
      <Filter>SystemCode\Engine\SystemGameObject\EngineManager\GameObjectManager</Filter>
    </ClCompile>
    <ClCompile Include="gameObjectManager.cpp">
      <Filter>SystemCode\Engine\SystemGameObject\EngineManager\GameObjectManager</Filter>
    </ClCompile>
    <ClCompile Include="render2DComponent.cpp">
      <Filter>SystemCode\Engine\SystemGameObject\EngineComponent\RenderComponent</Filter>
    </ClCompile>
    <ClCompile Include="gocMessageManager.cpp">
      <Filter>SystemCode\Engine\SystemGameObject\EngineManager\MessageManager</Filter>
    </ClCompile>
    <ClCompile Include="inputComponent.cpp">
      <Filter>SystemCode\Engine\SystemGameObject\EngineComponent\InputComponent</Filter>
    </ClCompile>
    <ClCompile Include="engineWindow.cpp">
      <Filter>SystemCode\Engine\SystemWindow\SystemInterface\SystemWindow</Filter>
    </ClCompile>
    <ClCompile Include="engineWindowManager.cpp">
      <Filter>SystemCode\Engine\SystemWindow\SystemInterface\SystemWindow</Filter>
    </ClCompile>
    <ClCompile Include="engineInspectorView.cpp">
      <Filter>SystemCode\Engine\SystemInterface\InspectorView</Filter>
    </ClCompile>
    <ClCompile Include="engineSceneView.cpp">
      <Filter>SystemCode\Engine\SystemInterface\SceneView</Filter>
    </ClCompile>
    <ClCompile Include="engineResourceView.cpp">
      <Filter>SystemCode\Engine\SystemInterface\ResourceView</Filter>
    </ClCompile>
    <ClCompile Include="mapSystem.cpp">
      <Filter>GameCode\Maptool\Map</Filter>
    </ClCompile>
    <ClCompile Include="tileObject.cpp">
      <Filter>GameCode\Maptool\Map</Filter>
    </ClCompile>
    <ClCompile Include="CameraSystem.cpp">
      <Filter>GameCode\Maptool\Camera</Filter>
    </ClCompile>
    <ClCompile Include="scene_Main.cpp">
      <Filter>GameCode\Scenes\GameScene</Filter>
    </ClCompile>
    <ClCompile Include="scene_MapTool.cpp">
      <Filter>GameCode\Scenes\MapToolScene</Filter>
    </ClCompile>
    <ClCompile Include="engineEditControl.cpp">
      <Filter>SystemCode\Engine\SystemWindow\SystemInterface\SystemEditControl</Filter>
    </ClCompile>
    <ClCompile Include="engineStatic.cpp">
      <Filter>SystemCode\Engine\SystemWindow\SystemInterface\SystemStatic</Filter>
    </ClCompile>
    <ClCompile Include="engineTable.cpp">
      <Filter>SystemCode\Engine\SystemWindow\SystemInterface\SystemTable</Filter>
    </ClCompile>
    <ClCompile Include="EngineTableCell.cpp">
      <Filter>SystemCode\Engine\SystemWindow\SystemInterface\SystemTable</Filter>
    </ClCompile>
    <ClCompile Include="engineCore.cpp">
      <Filter>SystemCode\Engine\SystemCore</Filter>
    </ClCompile>
    <ClCompile Include="engineImage.cpp">
      <Filter>SystemCode\Engine\SystemImage</Filter>
    </ClCompile>
    <ClCompile Include="engineBoot.cpp">
      <Filter>SystemCode\Engine\SystemBoot</Filter>
    </ClCompile>
    <ClCompile Include="engineINISetting.cpp">
      <Filter>SystemCode\Engine\SystemBoot</Filter>
    </ClCompile>
    <ClCompile Include="scene_Lobby.cpp">
      <Filter>GameCode\Scenes\GameScene</Filter>
    </ClCompile>
    <ClCompile Include="systemUIWindow.cpp">
      <Filter>SystemCode\Engine\SystemDebug</Filter>
    </ClCompile>
    <ClCompile Include="resourceTreeContent.cpp">
      <Filter>GameCode\Maptool\Viewer\ResourceTreeViewer</Filter>
    </ClCompile>
    <ClCompile Include="resourceTreeViewer.cpp">
      <Filter>GameCode\Maptool\Viewer\ResourceTreeViewer</Filter>
    </ClCompile>
    <ClCompile Include="mapTileViewer.cpp">
      <Filter>GameCode\Maptool\Viewer\TileViewer</Filter>
    </ClCompile>
    <ClCompile Include="mapTileData.cpp">
      <Filter>GameCode\Maptool\Viewer\TileViewer</Filter>
    </ClCompile>
  </ItemGroup>
  <ItemGroup>
    <ClInclude Include="graphics.h">
      <Filter>FrameWork\Graphics</Filter>
    </ClInclude>
    <ClInclude Include="image.h">
      <Filter>FrameWork\Image</Filter>
    </ClInclude>
    <ClInclude Include="textDX.h">
      <Filter>FrameWork\Text</Filter>
    </ClInclude>
    <ClInclude Include="input.h">
      <Filter>FrameWork\Input</Filter>
    </ClInclude>
    <ClInclude Include="console.h">
      <Filter>FrameWork\Console</Filter>
    </ClInclude>
    <ClInclude Include="game.h">
      <Filter>FrameWork\Game</Filter>
    </ClInclude>
    <ClInclude Include="resource.h">
      <Filter>리소스 파일</Filter>
    </ClInclude>
    <ClInclude Include="entity.h">
      <Filter>FrameWork\Game</Filter>
    </ClInclude>
    <ClInclude Include="gameError.h">
      <Filter>FrameWork\Game</Filter>
    </ClInclude>
    <ClInclude Include="stdafx.h">
      <Filter>헤더 파일</Filter>
    </ClInclude>
    <ClInclude Include="targetver.h">
      <Filter>헤더 파일</Filter>
    </ClInclude>
    <ClInclude Include="cSingletonBase.h">
      <Filter>FrameWork\Manager\SingletonBase</Filter>
    </ClInclude>
    <ClInclude Include="myUtil.h">
      <Filter>FrameWork\Util</Filter>
    </ClInclude>
    <ClInclude Include="commonMacroFunction.h">
      <Filter>FrameWork\Util</Filter>
    </ClInclude>
    <ClInclude Include="constants.h">
      <Filter>FrameWork\Game</Filter>
    </ClInclude>
    <ClInclude Include="textureManager.h">
      <Filter>FrameWork\Manager\TextureManager</Filter>
    </ClInclude>
    <ClInclude Include="fileManager.h">
      <Filter>FrameWork\Manager\FileManager</Filter>
    </ClInclude>
    <ClInclude Include="sceneManager.h">
      <Filter>FrameWork\Manager\SceneManager</Filter>
    </ClInclude>
    <ClInclude Include="timeManager.h">
      <Filter>FrameWork\Manager\TimeManager</Filter>
    </ClInclude>
    <ClInclude Include="imageManager.h">
      <Filter>FrameWork\Manager\ImageManager</Filter>
    </ClInclude>
    <ClInclude Include="metaBuilderUI.h">
      <Filter>SystemCode\MetaDataBuilder</Filter>
    </ClInclude>
    <ClInclude Include="metaBuilderMain.h">
      <Filter>SystemCode\MetaDataBuilder</Filter>
    </ClInclude>
    <ClInclude Include="mainNode.h">
      <Filter>SystemCode\MainNode</Filter>
    </ClInclude>
    <ClInclude Include="layerManager.h">
      <Filter>FrameWork\Manager\LayerManager</Filter>
    </ClInclude>
    <ClInclude Include="dashboard.h">
      <Filter>FrameWork\Interface\dashboard</Filter>
    </ClInclude>
    <ClInclude Include="inputDialog.h">
      <Filter>FrameWork\Interface\dialog</Filter>
    </ClInclude>
    <ClInclude Include="messageDialog.h">
      <Filter>FrameWork\Interface\dialog</Filter>
    </ClInclude>
    <ClInclude Include="layer.h">
      <Filter>FrameWork\Layer</Filter>
    </ClInclude>
    <ClInclude Include="uiFrame.h">
      <Filter>FrameWork\GameInterface\UIFrame</Filter>
    </ClInclude>
    <ClInclude Include="uiButton.h">
      <Filter>FrameWork\GameInterface\UIButton</Filter>
    </ClInclude>
    <ClInclude Include="uiProgressBar.h">
      <Filter>FrameWork\GameInterface\UIProgressbar</Filter>
    </ClInclude>
    <ClInclude Include="uiParent.h">
      <Filter>FrameWork\GameInterface\UIParent</Filter>
    </ClInclude>
    <ClInclude Include="uiTab.h">
      <Filter>FrameWork\GameInterface\UITab</Filter>
    </ClInclude>
    <ClInclude Include="tabContent_A.h">
      <Filter>GameCode\Scenes\TestScene</Filter>
    </ClInclude>
    <ClInclude Include="scene_Test.h">
      <Filter>GameCode\Scenes\TestScene</Filter>
    </ClInclude>
    <ClInclude Include="engineSystem.h">
      <Filter>SystemCode\Engine\SystemCore</Filter>
    </ClInclude>
    <ClInclude Include="engineInput.h">
      <Filter>SystemCode\Engine\SystemInput</Filter>
    </ClInclude>
    <ClInclude Include="engineError.h">
      <Filter>SystemCode\Engine\SystemCore</Filter>
    </ClInclude>
    <ClInclude Include="engineMenebar.h">
      <Filter>SystemCode\Engine\SystemWindow\SystemInterface\SystemMenu</Filter>
    </ClInclude>
    <ClInclude Include="engineButton.h">
      <Filter>SystemCode\Engine\SystemWindow\SystemInterface\SystemButton</Filter>
    </ClInclude>
    <ClInclude Include="componentBase.h">
      <Filter>SystemCode\Engine\SystemGameObject\EngineComponent\ComponentBase</Filter>
    </ClInclude>
    <ClInclude Include="renderComponent.h">
      <Filter>SystemCode\Engine\SystemGameObject\EngineComponent\RenderComponent</Filter>
    </ClInclude>
    <ClInclude Include="gocMessage.h">
      <Filter>SystemCode\Engine\SystemGameObject\EngineManager\MessageManager</Filter>
    </ClInclude>
    <ClInclude Include="gameObject.h">
      <Filter>SystemCode\Engine\SystemGameObject\EngineManager\GameObjectManager</Filter>
    </ClInclude>
    <ClInclude Include="gameObjectManager.h">
      <Filter>SystemCode\Engine\SystemGameObject\EngineManager\GameObjectManager</Filter>
    </ClInclude>
    <ClInclude Include="RTTI.h">
      <Filter>SystemCode\Engine\SystemGameObject\EngineComponent\ComponentBase</Filter>
    </ClInclude>
    <ClInclude Include="render2DComponent.h">
      <Filter>SystemCode\Engine\SystemGameObject\EngineComponent\RenderComponent</Filter>
    </ClInclude>
    <ClInclude Include="gocMessageManager.h">
      <Filter>SystemCode\Engine\SystemGameObject\EngineManager\MessageManager</Filter>
    </ClInclude>
    <ClInclude Include="inputComponent.h">
      <Filter>SystemCode\Engine\SystemGameObject\EngineComponent\InputComponent</Filter>
    </ClInclude>
    <ClInclude Include="engineWindow.h">
      <Filter>SystemCode\Engine\SystemWindow\SystemInterface\SystemWindow</Filter>
    </ClInclude>
    <ClInclude Include="engineWindowManager.h">
      <Filter>SystemCode\Engine\SystemWindow\SystemInterface\SystemWindow</Filter>
    </ClInclude>
    <ClInclude Include="engineInspectorView.h">
      <Filter>SystemCode\Engine\SystemInterface\InspectorView</Filter>
    </ClInclude>
    <ClInclude Include="engineSceneView.h">
      <Filter>SystemCode\Engine\SystemInterface\SceneView</Filter>
    </ClInclude>
    <ClInclude Include="engineResourceView.h">
      <Filter>SystemCode\Engine\SystemInterface\ResourceView</Filter>
    </ClInclude>
    <ClInclude Include="mapSystem.h">
      <Filter>GameCode\Maptool\Map</Filter>
    </ClInclude>
    <ClInclude Include="tileObject.h">
      <Filter>GameCode\Maptool\Map</Filter>
    </ClInclude>
    <ClInclude Include="CameraSystem.h">
      <Filter>GameCode\Maptool\Camera</Filter>
    </ClInclude>
    <ClInclude Include="scene_Main.h">
      <Filter>GameCode\Scenes\GameScene</Filter>
    </ClInclude>
    <ClInclude Include="scene_MapTool.h">
      <Filter>GameCode\Scenes\MapToolScene</Filter>
    </ClInclude>
    <ClInclude Include="engineEditControl.h">
      <Filter>SystemCode\Engine\SystemWindow\SystemInterface\SystemEditControl</Filter>
    </ClInclude>
    <ClInclude Include="engineStatic.h">
      <Filter>SystemCode\Engine\SystemWindow\SystemInterface\SystemStatic</Filter>
    </ClInclude>
    <ClInclude Include="engineTable.h">
      <Filter>SystemCode\Engine\SystemWindow\SystemInterface\SystemTable</Filter>
    </ClInclude>
    <ClInclude Include="EngineTableCell.h">
      <Filter>SystemCode\Engine\SystemWindow\SystemInterface\SystemTable</Filter>
    </ClInclude>
    <ClInclude Include="engineCore.h">
      <Filter>SystemCode\Engine\SystemCore</Filter>
    </ClInclude>
    <ClInclude Include="engineImage.h">
      <Filter>SystemCode\Engine\SystemImage</Filter>
    </ClInclude>
    <ClInclude Include="engineBoot.h">
      <Filter>SystemCode\Engine\SystemBoot</Filter>
    </ClInclude>
    <ClInclude Include="engineINISetting.h">
      <Filter>SystemCode\Engine\SystemBoot</Filter>
    </ClInclude>
    <ClInclude Include="scene_Lobby.h">
      <Filter>GameCode\Scenes\GameScene</Filter>
    </ClInclude>
    <ClInclude Include="systemUIWindow.h">
      <Filter>SystemCode\Engine\SystemDebug</Filter>
    </ClInclude>
    <ClInclude Include="resourceTreeContent.h">
      <Filter>GameCode\Maptool\Viewer\ResourceTreeViewer</Filter>
    </ClInclude>
    <ClInclude Include="resourceTreeViewer.h">
      <Filter>GameCode\Maptool\Viewer\ResourceTreeViewer</Filter>
    </ClInclude>
    <ClInclude Include="mapTileViewer.h">
      <Filter>GameCode\Maptool\Viewer\TileViewer</Filter>
    </ClInclude>
    <ClInclude Include="mapTileData.h">
      <Filter>GameCode\Maptool\Viewer\TileViewer</Filter>
    </ClInclude>
  </ItemGroup>
  <ItemGroup>
    <None Include="ClassDiagram.cd" />
  </ItemGroup>
</Project>